// !$*UTF8*$!
{
	archiveVersion = 1;
	classes = {
	};
	objectVersion = 77;
	objects = {

/* Begin PBXBuildFile section */
		1C78E5853E20B93F79B3421E /* ChordChart in Frameworks */ = {isa = PBXBuildFile; productRef = BC4B202C5F0E941A20A787C7 /* ChordChart */; };
		4EEB9211C81504F49534A89A /* SwiftEarHostApp.swift in Sources */ = {isa = PBXBuildFile; fileRef = 117E673A953B4C4ADBBF95A0 /* SwiftEarHostApp.swift */; };
		6C61AD5387584DE05CBAEEFC /* Fretboard in Frameworks */ = {isa = PBXBuildFile; productRef = 680D96401F590C260C21FB94 /* Fretboard */; };
		85F401EA077A7B0339A02A78 /* Theory in Frameworks */ = {isa = PBXBuildFile; productRef = C9114C609DD92E8E533D0FF7 /* Theory */; };
		AC95FA8C2C108EB623BE6679 /* ChordsLive in Frameworks */ = {isa = PBXBuildFile; productRef = B1D1A8040EE477067D835C6D /* ChordsLive */; };
		E69983D149243B7A6D946061 /* Tuner in Frameworks */ = {isa = PBXBuildFile; productRef = D68C530C664DD0805DDA1187 /* Tuner */; };
		EE8F0E2991EB41875CAF9588 /* Ear in Frameworks */ = {isa = PBXBuildFile; productRef = EEDC03120E5A07496D4BF215 /* Ear */; };
		F9C07796B19AFD1C3E04F3AD /* Chords in Frameworks */ = {isa = PBXBuildFile; productRef = 231960F99C0DA8778FB6E8A8 /* Chords */; };
		FF25AEF3B37D59AF2314A8E7 /* Assets.xcassets in Resources */ = {isa = PBXBuildFile; fileRef = 119222F862F03CC58F905D72 /* Assets.xcassets */; };
/* End PBXBuildFile section */

/* Begin PBXFileReference section */
		117E673A953B4C4ADBBF95A0 /* SwiftEarHostApp.swift */ = {isa = PBXFileReference; lastKnownFileType = sourcecode.swift; path = SwiftEarHostApp.swift; sourceTree = "<group>"; };
		119222F862F03CC58F905D72 /* Assets.xcassets */ = {isa = PBXFileReference; lastKnownFileType = folder.assetcatalog; path = Assets.xcassets; sourceTree = "<group>"; };
		95FB8986AD18C574ADA77797 /* SwiftEarHost.app */ = {isa = PBXFileReference; includeInIndex = 0; lastKnownFileType = wrapper.application; path = SwiftEarHost.app; sourceTree = BUILT_PRODUCTS_DIR; };
		C7BAB7DF709977E2E26FF769 /* swift_app */ = {isa = PBXFileReference; lastKnownFileType = folder; name = swift_app; path = ../swift_app; sourceTree = SOURCE_ROOT; };
/* End PBXFileReference section */

/* Begin PBXFrameworksBuildPhase section */
		24597B75D5975260031B689D /* Frameworks */ = {
			isa = PBXFrameworksBuildPhase;
			buildActionMask = 2147483647;
			files = (
				E69983D149243B7A6D946061 /* Tuner in Frameworks */,
				6C61AD5387584DE05CBAEEFC /* Fretboard in Frameworks */,
				F9C07796B19AFD1C3E04F3AD /* Chords in Frameworks */,
				AC95FA8C2C108EB623BE6679 /* ChordsLive in Frameworks */,
				85F401EA077A7B0339A02A78 /* Theory in Frameworks */,
				1C78E5853E20B93F79B3421E /* ChordChart in Frameworks */,
				EE8F0E2991EB41875CAF9588 /* Ear in Frameworks */,
			);
			runOnlyForDeploymentPostprocessing = 0;
		};
/* End PBXFrameworksBuildPhase section */

/* Begin PBXGroup section */
		3095ACC0B41E928A4E3B2270 /* Packages */ = {
			isa = PBXGroup;
			children = (
				C7BAB7DF709977E2E26FF769 /* swift_app */,
			);
			name = Packages;
			sourceTree = "<group>";
		};
		56B1476CE7B8BBAD15CA17E0 /* Products */ = {
			isa = PBXGroup;
			children = (
				95FB8986AD18C574ADA77797 /* SwiftEarHost.app */,
			);
			name = Products;
			sourceTree = "<group>";
		};
		A6B29DF5C58EDFDDA8643C3A = {
			isa = PBXGroup;
			children = (
				3095ACC0B41E928A4E3B2270 /* Packages */,
				E3B619BA47B7442D39430D3E /* Sources */,
				56B1476CE7B8BBAD15CA17E0 /* Products */,
			);
			sourceTree = "<group>";
		};
		E3B619BA47B7442D39430D3E /* Sources */ = {
			isa = PBXGroup;
			children = (
				119222F862F03CC58F905D72 /* Assets.xcassets */,
				117E673A953B4C4ADBBF95A0 /* SwiftEarHostApp.swift */,
			);
			path = Sources;
			sourceTree = "<group>";
		};
/* End PBXGroup section */

/* Begin PBXNativeTarget section */
		E4F091E7E88A92D591ADDD40 /* SwiftEarHost */ = {
			isa = PBXNativeTarget;
			buildConfigurationList = 2090FAAF0A9E07A5FD2A6AF8 /* Build configuration list for PBXNativeTarget "SwiftEarHost" */;
			buildPhases = (
				CE041BBA4C300C385E723F37 /* Sources */,
				9D44C236D8CABD1758554958 /* Resources */,
				24597B75D5975260031B689D /* Frameworks */,
			);
			buildRules = (
			);
			dependencies = (
			);
			name = SwiftEarHost;
			packageProductDependencies = (
				D68C530C664DD0805DDA1187 /* Tuner */,
				680D96401F590C260C21FB94 /* Fretboard */,
				231960F99C0DA8778FB6E8A8 /* Chords */,
				B1D1A8040EE477067D835C6D /* ChordsLive */,
				C9114C609DD92E8E533D0FF7 /* Theory */,
				BC4B202C5F0E941A20A787C7 /* ChordChart */,
				EEDC03120E5A07496D4BF215 /* Ear */,
			);
			productName = SwiftEarHost;
			productReference = 95FB8986AD18C574ADA77797 /* SwiftEarHost.app */;
			productType = "com.apple.product-type.application";
		};
/* End PBXNativeTarget section */

/* Begin PBXProject section */
		D2576BB33B51DF91E04753D1 /* Project object */ = {
			isa = PBXProject;
			attributes = {
				BuildIndependentTargetsInParallel = YES;
				LastUpgradeCheck = 1430;
				TargetAttributes = {
				};
			};
			buildConfigurationList = 43D286647678C3CDA6C5E5F6 /* Build configuration list for PBXProject "SwiftEarHost" */;
			developmentRegion = en;
			hasScannedForEncodings = 0;
			knownRegions = (
				Base,
				en,
			);
			mainGroup = A6B29DF5C58EDFDDA8643C3A;
			minimizedProjectReferenceProxies = 1;
			packageReferences = (
				4B8695203103A0B1BDC140D1 /* XCLocalSwiftPackageReference "../swift_app" */,
			);
			preferredProjectObjectVersion = 77;
			productRefGroup = 56B1476CE7B8BBAD15CA17E0 /* Products */;
			projectDirPath = "";
			projectRoot = "";
			targets = (
				E4F091E7E88A92D591ADDD40 /* SwiftEarHost */,
			);
		};
/* End PBXProject section */

/* Begin PBXResourcesBuildPhase section */
		9D44C236D8CABD1758554958 /* Resources */ = {
			isa = PBXResourcesBuildPhase;
			buildActionMask = 2147483647;
			files = (
				FF25AEF3B37D59AF2314A8E7 /* Assets.xcassets in Resources */,
			);
			runOnlyForDeploymentPostprocessing = 0;
		};
/* End PBXResourcesBuildPhase section */

/* Begin PBXSourcesBuildPhase section */
		CE041BBA4C300C385E723F37 /* Sources */ = {
			isa = PBXSourcesBuildPhase;
			buildActionMask = 2147483647;
			files = (
				4EEB9211C81504F49534A89A /* SwiftEarHostApp.swift in Sources */,
			);
			runOnlyForDeploymentPostprocessing = 0;
		};
/* End PBXSourcesBuildPhase section */

/* Begin XCBuildConfiguration section */
		94563EEA8749F11791B7A750 /* Debug */ = {
			isa = XCBuildConfiguration;
			buildSettings = {
				ASSETCATALOG_COMPILER_APPICON_NAME = AppIcon;
				CODE_SIGN_IDENTITY = "iPhone Developer";
				GENERATE_INFOPLIST_FILE = YES;
				INFOPLIST_KEY_CFBundleDisplayName = "AI吉他";
				INFOPLIST_KEY_CFBundleName = "AI吉他";
				INFOPLIST_KEY_NSMicrophoneUsageDescription = "需要麦克风用于视唱训练与调音识别。";
				INFOPLIST_KEY_UIApplicationSupportsIndirectInputEvents = YES;
				INFOPLIST_KEY_UILaunchScreen_Generation = YES;
				LD_RUNPATH_SEARCH_PATHS = (
					"$(inherited)",
					"@executable_path/Frameworks",
				);
				PRODUCT_BUNDLE_IDENTIFIER = "com.jamcode.swift-ear-host";
				PRODUCT_NAME = SwiftEarHost;
				SDKROOT = iphoneos;
				SWIFT_VERSION = 5.1;
				TARGETED_DEVICE_FAMILY = "1,2";
			};
			name = Debug;
		};
		AC5BED3701568B3E8A08E9DD /* Debug */ = {
			isa = XCBuildConfiguration;
			buildSettings = {
				ALWAYS_SEARCH_USER_PATHS = NO;
				CLANG_ANALYZER_NONNULL = YES;
				CLANG_ANALYZER_NUMBER_OBJECT_CONVERSION = YES_AGGRESSIVE;
				CLANG_CXX_LANGUAGE_STANDARD = "gnu++14";
				CLANG_CXX_LIBRARY = "libc++";
				CLANG_ENABLE_MODULES = YES;
				CLANG_ENABLE_OBJC_ARC = YES;
				CLANG_ENABLE_OBJC_WEAK = YES;
				CLANG_WARN_BLOCK_CAPTURE_AUTORELEASING = YES;
				CLANG_WARN_BOOL_CONVERSION = YES;
				CLANG_WARN_COMMA = YES;
				CLANG_WARN_CONSTANT_CONVERSION = YES;
				CLANG_WARN_DEPRECATED_OBJC_IMPLEMENTATIONS = YES;
				CLANG_WARN_DIRECT_OBJC_ISA_USAGE = YES_ERROR;
				CLANG_WARN_DOCUMENTATION_COMMENTS = YES;
				CLANG_WARN_EMPTY_BODY = YES;
				CLANG_WARN_ENUM_CONVERSION = YES;
				CLANG_WARN_INFINITE_RECURSION = YES;
				CLANG_WARN_INT_CONVERSION = YES;
				CLANG_WARN_NON_LITERAL_NULL_CONVERSION = YES;
				CLANG_WARN_OBJC_IMPLICIT_RETAIN_SELF = YES;
				CLANG_WARN_OBJC_LITERAL_CONVERSION = YES;
				CLANG_WARN_OBJC_ROOT_CLASS = YES_ERROR;
				CLANG_WARN_QUOTED_INCLUDE_IN_FRAMEWORK_HEADER = YES;
				CLANG_WARN_RANGE_LOOP_ANALYSIS = YES;
				CLANG_WARN_STRICT_PROTOTYPES = YES;
				CLANG_WARN_SUSPICIOUS_MOVE = YES;
				CLANG_WARN_UNGUARDED_AVAILABILITY = YES_AGGRESSIVE;
				CLANG_WARN_UNREACHABLE_CODE = YES;
				CLANG_WARN__DUPLICATE_METHOD_MATCH = YES;
				COPY_PHASE_STRIP = NO;
				DEBUG_INFORMATION_FORMAT = dwarf;
				ENABLE_STRICT_OBJC_MSGSEND = YES;
				ENABLE_TESTABILITY = YES;
				GCC_C_LANGUAGE_STANDARD = gnu11;
				GCC_DYNAMIC_NO_PIC = NO;
				GCC_NO_COMMON_BLOCKS = YES;
				GCC_OPTIMIZATION_LEVEL = 0;
				GCC_PREPROCESSOR_DEFINITIONS = (
					"$(inherited)",
					"DEBUG=1",
				);
				GCC_WARN_64_TO_32_BIT_CONVERSION = YES;
				GCC_WARN_ABOUT_RETURN_TYPE = YES_ERROR;
				GCC_WARN_UNDECLARED_SELECTOR = YES;
				GCC_WARN_UNINITIALIZED_AUTOS = YES_AGGRESSIVE;
				GCC_WARN_UNUSED_FUNCTION = YES;
				GCC_WARN_UNUSED_VARIABLE = YES;
				IPHONEOS_DEPLOYMENT_TARGET = 17.0;
				MTL_ENABLE_DEBUG_INFO = INCLUDE_SOURCE;
				MTL_FAST_MATH = YES;
				ONLY_ACTIVE_ARCH = YES;
				PRODUCT_NAME = "$(TARGET_NAME)";
				SDKROOT = iphoneos;
				SWIFT_ACTIVE_COMPILATION_CONDITIONS = DEBUG;
				SWIFT_OPTIMIZATION_LEVEL = "-Onone";
				SWIFT_VERSION = 5.0;
			};
			name = Debug;
		};
		D2C7A08C9CECA68146337723 /* Release */ = {
			isa = XCBuildConfiguration;
			buildSettings = {
				ALWAYS_SEARCH_USER_PATHS = NO;
				CLANG_ANALYZER_NONNULL = YES;
				CLANG_ANALYZER_NUMBER_OBJECT_CONVERSION = YES_AGGRESSIVE;
				CLANG_CXX_LANGUAGE_STANDARD = "gnu++14";
				CLANG_CXX_LIBRARY = "libc++";
				CLANG_ENABLE_MODULES = YES;
				CLANG_ENABLE_OBJC_ARC = YES;
				CLANG_ENABLE_OBJC_WEAK = YES;
				CLANG_WARN_BLOCK_CAPTURE_AUTORELEASING = YES;
				CLANG_WARN_BOOL_CONVERSION = YES;
				CLANG_WARN_COMMA = YES;
				CLANG_WARN_CONSTANT_CONVERSION = YES;
				CLANG_WARN_DEPRECATED_OBJC_IMPLEMENTATIONS = YES;
				CLANG_WARN_DIRECT_OBJC_ISA_USAGE = YES_ERROR;
				CLANG_WARN_DOCUMENTATION_COMMENTS = YES;
				CLANG_WARN_EMPTY_BODY = YES;
				CLANG_WARN_ENUM_CONVERSION = YES;
				CLANG_WARN_INFINITE_RECURSION = YES;
				CLANG_WARN_INT_CONVERSION = YES;
				CLANG_WARN_NON_LITERAL_NULL_CONVERSION = YES;
				CLANG_WARN_OBJC_IMPLICIT_RETAIN_SELF = YES;
				CLANG_WARN_OBJC_LITERAL_CONVERSION = YES;
				CLANG_WARN_OBJC_ROOT_CLASS = YES_ERROR;
				CLANG_WARN_QUOTED_INCLUDE_IN_FRAMEWORK_HEADER = YES;
				CLANG_WARN_RANGE_LOOP_ANALYSIS = YES;
				CLANG_WARN_STRICT_PROTOTYPES = YES;
				CLANG_WARN_SUSPICIOUS_MOVE = YES;
				CLANG_WARN_UNGUARDED_AVAILABILITY = YES_AGGRESSIVE;
				CLANG_WARN_UNREACHABLE_CODE = YES;
				CLANG_WARN__DUPLICATE_METHOD_MATCH = YES;
				COPY_PHASE_STRIP = NO;
				DEBUG_INFORMATION_FORMAT = "dwarf-with-dsym";
				ENABLE_NS_ASSERTIONS = NO;
				ENABLE_STRICT_OBJC_MSGSEND = YES;
				GCC_C_LANGUAGE_STANDARD = gnu11;
				GCC_NO_COMMON_BLOCKS = YES;
				GCC_WARN_64_TO_32_BIT_CONVERSION = YES;
				GCC_WARN_ABOUT_RETURN_TYPE = YES_ERROR;
				GCC_WARN_UNDECLARED_SELECTOR = YES;
				GCC_WARN_UNINITIALIZED_AUTOS = YES_AGGRESSIVE;
				GCC_WARN_UNUSED_FUNCTION = YES;
				GCC_WARN_UNUSED_VARIABLE = YES;
				IPHONEOS_DEPLOYMENT_TARGET = 17.0;
				MTL_ENABLE_DEBUG_INFO = NO;
				MTL_FAST_MATH = YES;
				PRODUCT_NAME = "$(TARGET_NAME)";
				SDKROOT = iphoneos;
				SWIFT_COMPILATION_MODE = wholemodule;
				SWIFT_OPTIMIZATION_LEVEL = "-O";
				SWIFT_VERSION = 5.0;
			};
			name = Release;
		};
		F0993B151A142CB3024EE246 /* Release */ = {
			isa = XCBuildConfiguration;
			buildSettings = {
				ASSETCATALOG_COMPILER_APPICON_NAME = AppIcon;
				CODE_SIGN_IDENTITY = "iPhone Developer";
				GENERATE_INFOPLIST_FILE = YES;
				INFOPLIST_KEY_CFBundleDisplayName = "AI吉他";
				INFOPLIST_KEY_CFBundleName = "AI吉他";
				INFOPLIST_KEY_NSMicrophoneUsageDescription = "需要麦克风用于视唱训练与调音识别。";
				INFOPLIST_KEY_UIApplicationSupportsIndirectInputEvents = YES;
				INFOPLIST_KEY_UILaunchScreen_Generation = YES;
				LD_RUNPATH_SEARCH_PATHS = (
					"$(inherited)",
					"@executable_path/Frameworks",
				);
				PRODUCT_BUNDLE_IDENTIFIER = "com.jamcode.swift-ear-host";
				PRODUCT_NAME = SwiftEarHost;
				SDKROOT = iphoneos;
				SWIFT_VERSION = 5.1;
				TARGETED_DEVICE_FAMILY = "1,2";
			};
			name = Release;
		};
/* End XCBuildConfiguration section */

/* Begin XCConfigurationList section */
		2090FAAF0A9E07A5FD2A6AF8 /* Build configuration list for PBXNativeTarget "SwiftEarHost" */ = {
			isa = XCConfigurationList;
			buildConfigurations = (
				94563EEA8749F11791B7A750 /* Debug */,
				F0993B151A142CB3024EE246 /* Release */,
			);
			defaultConfigurationIsVisible = 0;
			defaultConfigurationName = Debug;
		};
		43D286647678C3CDA6C5E5F6 /* Build configuration list for PBXProject "SwiftEarHost" */ = {
			isa = XCConfigurationList;
			buildConfigurations = (
				AC5BED3701568B3E8A08E9DD /* Debug */,
				D2C7A08C9CECA68146337723 /* Release */,
			);
			defaultConfigurationIsVisible = 0;
			defaultConfigurationName = Debug;
		};
/* End XCConfigurationList section */

/* Begin XCLocalSwiftPackageReference section */
		4B8695203103A0B1BDC140D1 /* XCLocalSwiftPackageReference "../swift_app" */ = {
			isa = XCLocalSwiftPackageReference;
			relativePath = ../swift_app;
		};
/* End XCLocalSwiftPackageReference section */

/* Begin XCSwiftPackageProductDependency section */
		231960F99C0DA8778FB6E8A8 /* Chords */ = {
			isa = XCSwiftPackageProductDependency;
			productName = Chords;
		};
		680D96401F590C260C21FB94 /* Fretboard */ = {
			isa = XCSwiftPackageProductDependency;
			productName = Fretboard;
		};
		B1D1A8040EE477067D835C6D /* ChordsLive */ = {
			isa = XCSwiftPackageProductDependency;
			productName = ChordsLive;
		};
		BC4B202C5F0E941A20A787C7 /* ChordChart */ = {
			isa = XCSwiftPackageProductDependency;
			productName = ChordChart;
		};
		C9114C609DD92E8E533D0FF7 /* Theory */ = {
			isa = XCSwiftPackageProductDependency;
			productName = Theory;
		};
		D68C530C664DD0805DDA1187 /* Tuner */ = {
			isa = XCSwiftPackageProductDependency;
			productName = Tuner;
		};
		EEDC03120E5A07496D4BF215 /* Ear */ = {
			isa = XCSwiftPackageProductDependency;
			productName = Ear;
		};
/* End XCSwiftPackageProductDependency section */
	};
	rootObject = D2576BB33B51DF91E04753D1 /* Project object */;
}
